// !$*UTF8*$!
{
	archiveVersion = 1;
	classes = {
	};
	objectVersion = 46;
	objects = {

/* Begin PBXBuildFile section */
		1A03031C20FE9BAA00583D70 /* ColorTransferDelegate.swift in Sources */ = {isa = PBXBuildFile; fileRef = 1A03031B20FE9BAA00583D70 /* ColorTransferDelegate.swift */; };
		1A3358CB20FC032000399E33 /* AppDelegate.swift in Sources */ = {isa = PBXBuildFile; fileRef = 1A3358CA20FC032000399E33 /* AppDelegate.swift */; };
		1A3358CD20FC032000399E33 /* ColorPresenterVC.swift in Sources */ = {isa = PBXBuildFile; fileRef = 1A3358CC20FC032000399E33 /* ColorPresenterVC.swift */; };
		1A3358D020FC032000399E33 /* Main.storyboard in Resources */ = {isa = PBXBuildFile; fileRef = 1A3358CE20FC032000399E33 /* Main.storyboard */; };
		1A3358D220FC032000399E33 /* Assets.xcassets in Resources */ = {isa = PBXBuildFile; fileRef = 1A3358D120FC032000399E33 /* Assets.xcassets */; };
		1A3358D520FC032000399E33 /* LaunchScreen.storyboard in Resources */ = {isa = PBXBuildFile; fileRef = 1A3358D320FC032000399E33 /* LaunchScreen.storyboard */; };
		1A3358DF20FC0C3300399E33 /* ColorPickerVC.swift in Sources */ = {isa = PBXBuildFile; fileRef = 1A3358DE20FC0C3300399E33 /* ColorPickerVC.swift */; };
/* End PBXBuildFile section */

/* Begin PBXFileReference section */
		1A03031B20FE9BAA00583D70 /* ColorTransferDelegate.swift */ = {isa = PBXFileReference; fileEncoding = 4; lastKnownFileType = sourcecode.swift; path = ColorTransferDelegate.swift; sourceTree = "<group>"; };
		1A3358C720FC032000399E33 /* color-pick.app */ = {isa = PBXFileReference; explicitFileType = wrapper.application; includeInIndex = 0; path = "color-pick.app"; sourceTree = BUILT_PRODUCTS_DIR; };
		1A3358CA20FC032000399E33 /* AppDelegate.swift */ = {isa = PBXFileReference; lastKnownFileType = sourcecode.swift; path = AppDelegate.swift; sourceTree = "<group>"; };
		1A3358CC20FC032000399E33 /* ColorPresenterVC.swift */ = {isa = PBXFileReference; lastKnownFileType = sourcecode.swift; path = ColorPresenterVC.swift; sourceTree = "<group>"; };
		1A3358CF20FC032000399E33 /* Base */ = {isa = PBXFileReference; lastKnownFileType = file.storyboard; name = Base; path = Base.lproj/Main.storyboard; sourceTree = "<group>"; };
		1A3358D120FC032000399E33 /* Assets.xcassets */ = {isa = PBXFileReference; lastKnownFileType = folder.assetcatalog; path = Assets.xcassets; sourceTree = "<group>"; };
		1A3358D420FC032000399E33 /* Base */ = {isa = PBXFileReference; lastKnownFileType = file.storyboard; name = Base; path = Base.lproj/LaunchScreen.storyboard; sourceTree = "<group>"; };
		1A3358D620FC032000399E33 /* Info.plist */ = {isa = PBXFileReference; lastKnownFileType = text.plist.xml; path = Info.plist; sourceTree = "<group>"; };
		1A3358DE20FC0C3300399E33 /* ColorPickerVC.swift */ = {isa = PBXFileReference; fileEncoding = 4; lastKnownFileType = sourcecode.swift; path = ColorPickerVC.swift; sourceTree = "<group>"; };
/* End PBXFileReference section */

/* Begin PBXFrameworksBuildPhase section */
		1A3358C420FC032000399E33 /* Frameworks */ = {
			isa = PBXFrameworksBuildPhase;
			buildActionMask = 2147483647;
			files = (
			);
			runOnlyForDeploymentPostprocessing = 0;
		};
/* End PBXFrameworksBuildPhase section */

/* Begin PBXGroup section */
		1A3358BE20FC032000399E33 = {
			isa = PBXGroup;
			children = (
				1A3358C920FC032000399E33 /* color-pick */,
				1A3358C820FC032000399E33 /* Products */,
			);
			sourceTree = "<group>";
		};
		1A3358C820FC032000399E33 /* Products */ = {
			isa = PBXGroup;
			children = (
				1A3358C720FC032000399E33 /* color-pick.app */,
			);
			name = Products;
			sourceTree = "<group>";
		};
		1A3358C920FC032000399E33 /* color-pick */ = {
			isa = PBXGroup;
			children = (
				1A3358CA20FC032000399E33 /* AppDelegate.swift */,
				1A3358CC20FC032000399E33 /* ColorPresenterVC.swift */,
				1A3358CE20FC032000399E33 /* Main.storyboard */,
				1A03031B20FE9BAA00583D70 /* ColorTransferDelegate.swift */,
				1A3358D120FC032000399E33 /* Assets.xcassets */,
				1A3358D320FC032000399E33 /* LaunchScreen.storyboard */,
				1A3358D620FC032000399E33 /* Info.plist */,
				1A3358DE20FC0C3300399E33 /* ColorPickerVC.swift */,
			);
			path = "color-pick";
			sourceTree = "<group>";
		};
/* End PBXGroup section */

/* Begin PBXNativeTarget section */
		1A3358C620FC032000399E33 /* color-pick */ = {
			isa = PBXNativeTarget;
			buildConfigurationList = 1A3358D920FC032000399E33 /* Build configuration list for PBXNativeTarget "color-pick" */;
			buildPhases = (
				1A3358C320FC032000399E33 /* Sources */,
				1A3358C420FC032000399E33 /* Frameworks */,
				1A3358C520FC032000399E33 /* Resources */,
			);
			buildRules = (
			);
			dependencies = (
			);
			name = "color-pick";
			productName = "color-pick";
			productReference = 1A3358C720FC032000399E33 /* color-pick.app */;
			productType = "com.apple.product-type.application";
		};
/* End PBXNativeTarget section */

/* Begin PBXProject section */
		1A3358BF20FC032000399E33 /* Project object */ = {
			isa = PBXProject;
			attributes = {
				LastSwiftUpdateCheck = 0820;
				LastUpgradeCheck = 0820;
				ORGANIZATIONNAME = "Francisco Albusac";
				TargetAttributes = {
					1A3358C620FC032000399E33 = {
						CreatedOnToolsVersion = 8.2.1;
						ProvisioningStyle = Automatic;
					};
				};
			};
			buildConfigurationList = 1A3358C220FC032000399E33 /* Build configuration list for PBXProject "color-pick" */;
			compatibilityVersion = "Xcode 3.2";
			developmentRegion = English;
			hasScannedForEncodings = 0;
			knownRegions = (
				en,
				Base,
			);
			mainGroup = 1A3358BE20FC032000399E33;
			productRefGroup = 1A3358C820FC032000399E33 /* Products */;
			projectDirPath = "";
			projectRoot = "";
			targets = (
				1A3358C620FC032000399E33 /* color-pick */,
			);
		};
/* End PBXProject section */

/* Begin PBXResourcesBuildPhase section */
		1A3358C520FC032000399E33 /* Resources */ = {
			isa = PBXResourcesBuildPhase;
			buildActionMask = 2147483647;
			files = (
				1A3358D520FC032000399E33 /* LaunchScreen.storyboard in Resources */,
				1A3358D220FC032000399E33 /* Assets.xcassets in Resources */,
				1A3358D020FC032000399E33 /* Main.storyboard in Resources */,
			);
			runOnlyForDeploymentPostprocessing = 0;
		};
/* End PBXResourcesBuildPhase section */

/* Begin PBXSourcesBuildPhase section */
		1A3358C320FC032000399E33 /* Sources */ = {
			isa = PBXSourcesBuildPhase;
			buildActionMask = 2147483647;
			files = (
				1A3358CD20FC032000399E33 /* ColorPresenterVC.swift in Sources */,
				1A03031C20FE9BAA00583D70 /* ColorTransferDelegate.swift in Sources */,
				1A3358CB20FC032000399E33 /* AppDelegate.swift in Sources */,
				1A3358DF20FC0C3300399E33 /* ColorPickerVC.swift in Sources */,
			);
			runOnlyForDeploymentPostprocessing = 0;
		};
/* End PBXSourcesBuildPhase section */

/* Begin PBXVariantGroup section */
		1A3358CE20FC032000399E33 /* Main.storyboard */ = {
			isa = PBXVariantGroup;
			children = (
				1A3358CF20FC032000399E33 /* Base */,
			);
			name = Main.storyboard;
			sourceTree = "<group>";
		};
		1A3358D320FC032000399E33 /* LaunchScreen.storyboard */ = {
			isa = PBXVariantGroup;
			children = (
				1A3358D420FC032000399E33 /* Base */,
			);
			name = LaunchScreen.storyboard;
			sourceTree = "<group>";
		};
/* End PBXVariantGroup section */

/* Begin XCBuildConfiguration section */
		1A3358D720FC032000399E33 /* Debug */ = {
			isa = XCBuildConfiguration;
			buildSettings = {
				ALWAYS_SEARCH_USER_PATHS = NO;
				CLANG_ANALYZER_NONNULL = YES;
				CLANG_CXX_LANGUAGE_STANDARD = "gnu++0x";
				CLANG_CXX_LIBRARY = "libc++";
				CLANG_ENABLE_MODULES = YES;
				CLANG_ENABLE_OBJC_ARC = YES;
				CLANG_WARN_BOOL_CONVERSION = YES;
				CLANG_WARN_CONSTANT_CONVERSION = YES;
				CLANG_WARN_DIRECT_OBJC_ISA_USAGE = YES_ERROR;
				CLANG_WARN_DOCUMENTATION_COMMENTS = YES;
				CLANG_WARN_EMPTY_BODY = YES;
				CLANG_WARN_ENUM_CONVERSION = YES;
				CLANG_WARN_INFINITE_RECURSION = YES;
				CLANG_WARN_INT_CONVERSION = YES;
				CLANG_WARN_OBJC_ROOT_CLASS = YES_ERROR;
				CLANG_WARN_SUSPICIOUS_MOVE = YES;
				CLANG_WARN_UNREACHABLE_CODE = YES;
				CLANG_WARN__DUPLICATE_METHOD_MATCH = YES;
				"CODE_SIGN_IDENTITY[sdk=iphoneos*]" = "iPhone Developer";
				COPY_PHASE_STRIP = NO;
				DEBUG_INFORMATION_FORMAT = dwarf;
				ENABLE_STRICT_OBJC_MSGSEND = YES;
				ENABLE_TESTABILITY = YES;
				GCC_C_LANGUAGE_STANDARD = gnu99;
				GCC_DYNAMIC_NO_PIC = NO;
				GCC_NO_COMMON_BLOCKS = YES;
				GCC_OPTIMIZATION_LEVEL = 0;
				GCC_PREPROCESSOR_DEFINITIONS = (
					"DEBUG=1",
					"$(inherited)",
				);
				GCC_WARN_64_TO_32_BIT_CONVERSION = YES;
				GCC_WARN_ABOUT_RETURN_TYPE = YES_ERROR;
				GCC_WARN_UNDECLARED_SELECTOR = YES;
				GCC_WARN_UNINITIALIZED_AUTOS = YES_AGGRESSIVE;
				GCC_WARN_UNUSED_FUNCTION = YES;
				GCC_WARN_UNUSED_VARIABLE = YES;
				IPHONEOS_DEPLOYMENT_TARGET = 10.2;
				MTL_ENABLE_DEBUG_INFO = YES;
				ONLY_ACTIVE_ARCH = YES;
				SDKROOT = iphoneos;
				SWIFT_ACTIVE_COMPILATION_CONDITIONS = DEBUG;
				SWIFT_OPTIMIZATION_LEVEL = "-Onone";
				TARGETED_DEVICE_FAMILY = "1,2";
			};
			name = Debug;
		};
		1A3358D820FC032000399E33 /* Release */ = {
			isa = XCBuildConfiguration;
			buildSettings = {
				ALWAYS_SEARCH_USER_PATHS = NO;
				CLANG_ANALYZER_NONNULL = YES;
				CLANG_CXX_LANGUAGE_STANDARD = "gnu++0x";
				CLANG_CXX_LIBRARY = "libc++";
				CLANG_ENABLE_MODULES = YES;
				CLANG_ENABLE_OBJC_ARC = YES;
				CLANG_WARN_BOOL_CONVERSION = YES;
				CLANG_WARN_CONSTANT_CONVERSION = YES;
				CLANG_WARN_DIRECT_OBJC_ISA_USAGE = YES_ERROR;
				CLANG_WARN_DOCUMENTATION_COMMENTS = YES;
				CLANG_WARN_EMPTY_BODY = YES;
				CLANG_WARN_ENUM_CONVERSION = YES;
				CLANG_WARN_INFINITE_RECURSION = YES;
				CLANG_WARN_INT_CONVERSION = YES;
				CLANG_WARN_OBJC_ROOT_CLASS = YES_ERROR;
				CLANG_WARN_SUSPICIOUS_MOVE = YES;
				CLANG_WARN_UNREACHABLE_CODE = YES;
				CLANG_WARN__DUPLICATE_METHOD_MATCH = YES;
				"CODE_SIGN_IDENTITY[sdk=iphoneos*]" = "iPhone Developer";
				COPY_PHASE_STRIP = NO;
				DEBUG_INFORMATION_FORMAT = "dwarf-with-dsym";
				ENABLE_NS_ASSERTIONS = NO;
				ENABLE_STRICT_OBJC_MSGSEND = YES;
				GCC_C_LANGUAGE_STANDARD = gnu99;
				GCC_NO_COMMON_BLOCKS = YES;
				GCC_WARN_64_TO_32_BIT_CONVERSION = YES;
				GCC_WARN_ABOUT_RETURN_TYPE = YES_ERROR;
				GCC_WARN_UNDECLARED_SELECTOR = YES;
				GCC_WARN_UNINITIALIZED_AUTOS = YES_AGGRESSIVE;
				GCC_WARN_UNUSED_FUNCTION = YES;
				GCC_WARN_UNUSED_VARIABLE = YES;
				IPHONEOS_DEPLOYMENT_TARGET = 10.2;
				MTL_ENABLE_DEBUG_INFO = NO;
				SDKROOT = iphoneos;
				SWIFT_OPTIMIZATION_LEVEL = "-Owholemodule";
				TARGETED_DEVICE_FAMILY = "1,2";
				VALIDATE_PRODUCT = YES;
			};
			name = Release;
		};
		1A3358DA20FC032000399E33 /* Debug */ = {
			isa = XCBuildConfiguration;
			buildSettings = {
				ASSETCATALOG_COMPILER_APPICON_NAME = AppIcon;
				INFOPLIST_FILE = "color-pick/Info.plist";
				LD_RUNPATH_SEARCH_PATHS = "$(inherited) @executable_path/Frameworks";
				PRODUCT_BUNDLE_IDENTIFIER = "whatver.color-pick";
				PRODUCT_NAME = "$(TARGET_NAME)";
				SWIFT_VERSION = 3.0;
			};
			name = Debug;
		};
		1A3358DB20FC032000399E33 /* Release */ = {
			isa = XCBuildConfiguration;
			buildSettings = {
				ASSETCATALOG_COMPILER_APPICON_NAME = AppIcon;
				INFOPLIST_FILE = "color-pick/Info.plist";
				LD_RUNPATH_SEARCH_PATHS = "$(inherited) @executable_path/Frameworks";
				PRODUCT_BUNDLE_IDENTIFIER = "whatver.color-pick";
				PRODUCT_NAME = "$(TARGET_NAME)";
				SWIFT_VERSION = 3.0;
			};
			name = Release;
		};
/* End XCBuildConfiguration section */

/* Begin XCConfigurationList section */
		1A3358C220FC032000399E33 /* Build configuration list for PBXProject "color-pick" */ = {
			isa = XCConfigurationList;
			buildConfigurations = (
				1A3358D720FC032000399E33 /* Debug */,
				1A3358D820FC032000399E33 /* Release */,
			);
			defaultConfigurationIsVisible = 0;
			defaultConfigurationName = Release;
		};
		1A3358D920FC032000399E33 /* Build configuration list for PBXNativeTarget "color-pick" */ = {
			isa = XCConfigurationList;
			buildConfigurations = (
				1A3358DA20FC032000399E33 /* Debug */,
				1A3358DB20FC032000399E33 /* Release */,
			);
			defaultConfigurationIsVisible = 0;
			defaultConfigurationName = Release;
		};
/* End XCConfigurationList section */
	};
	rootObject = 1A3358BF20FC032000399E33 /* Project object */;
}
